schema: '2.0'
stages:
  bronze_to_silver:
    cmd: uv run python -m src.pipelines.data.bronze_to_silver
    deps:
    - path: data/bronze/
      hash: md5
      md5: 0a4b49c5230e988ab1d939fe0b3f873f.dir
      size: 134132
      nfiles: 2
    - path: src/pipelines/data/bronze_to_silver.py
      hash: md5
      md5: 6699f67ddf6dd9944586fb6a84d738af
      size: 3593
    outs:
    - path: data/silver/
      hash: md5
      md5: 4f5090cc84637222c08c86260faa5f80.dir
      size: 266048
      nfiles: 3
  silver_to_gold:
    cmd: uv run python -m src.pipelines.data.silver_to_gold
    deps:
    - path: data/silver/
      hash: md5
      md5: 4f5090cc84637222c08c86260faa5f80.dir
      size: 266048
      nfiles: 3
    - path: src/pipelines/data/silver_to_gold.py
      hash: md5
      md5: 8cb5948f1123726ef5ee462a0fba0ce2
      size: 5002
    outs:
    - path: data/gold/
      hash: md5
      md5: 91aec3f4dace5e495c779ac5872b32ed.dir
      size: 44534
      nfiles: 2
