schema: '2.0'
stages:
  bronze_to_silver:
    cmd: uv run python -m src.pipelines.data.bronze_to_silver
    deps:
    - path: data/bronze/
      hash: md5
      md5: 59256978afcc29085a7619d0f6a8c4e8.dir
      size: 134055
      nfiles: 1
    - path: src/pipelines/data/bronze_to_silver.py
      hash: md5
      md5: 6699f67ddf6dd9944586fb6a84d738af
      size: 3593
    outs:
    - path: data/silver/
      hash: md5
      md5: 9be98011e2c8e88a5ef9bd71b2a71d41.dir
      size: 266048
      nfiles: 3
  silver_to_gold:
    cmd: uv run python -m src.pipelines.data.silver_to_gold
    deps:
    - path: data/silver/
      hash: md5
      md5: 9be98011e2c8e88a5ef9bd71b2a71d41.dir
      size: 266048
      nfiles: 3
    - path: src/pipelines/data/silver_to_gold.py
      hash: md5
      md5: 2ed205e8e9a551dc5d2aa172c544f60f
      size: 6584
    outs:
    - path: data/gold/
      hash: md5
      md5: 4ce1d72d1aa8a75cad1785f2bdf77e4c.dir
      size: 160948
      nfiles: 4
  train_models:
    cmd: uv run python -m src.pipelines.models.train_models
    deps:
    - path: data/gold/
      hash: md5
      md5: 4ce1d72d1aa8a75cad1785f2bdf77e4c.dir
      size: 160948
      nfiles: 4
    - path: src/pipelines/models/bayesian.py
      hash: md5
      md5: ab8d16f10f99ecea2f2fd6be4fe4800e
      size: 13121
    - path: src/pipelines/models/train_models.py
      hash: md5
      md5: 1e6b1ee27bc470ad3084864df68d5877
      size: 1435
    params:
      params.yaml:
        bayesian_model:
          run_name: bayesian_mmm_geometric_logistic_tuned
          adstock:
            type: geometric
            l_max: 8
          saturation:
            type: logistic
          yearly_seasonality: 2
          sampler:
            draws: 2000
            tune: 2000
            chains: 4
            target_accept: 0.95
          model_config:
        dataset: online
    outs:
    - path: models/
      hash: md5
      md5: c9b9085c492e1f19f74e880946921b07.dir
      size: 2191734862
      nfiles: 112
